// !$*UTF8*$!
{
	archiveVersion = 1;
	classes = {
	};
	objectVersion = 77;
	objects = {

/* Begin PBXContainerItemProxy section */
		39193AC12DCBDAFB0053B4BE /* PBXContainerItemProxy */ = {
			isa = PBXContainerItemProxy;
			containerPortal = 39193AA82DCBDAFA0053B4BE /* Project object */;
			proxyType = 1;
			remoteGlobalIDString = 39193AAF2DCBDAFA0053B4BE;
			remoteInfo = learn_app;
		};
		39193ACB2DCBDAFB0053B4BE /* PBXContainerItemProxy */ = {
			isa = PBXContainerItemProxy;
			containerPortal = 39193AA82DCBDAFA0053B4BE /* Project object */;
			proxyType = 1;
			remoteGlobalIDString = 39193AAF2DCBDAFA0053B4BE;
			remoteInfo = learn_app;
		};
/* End PBXContainerItemProxy section */

/* Begin PBXFileReference section */
		39193AB02DCBDAFA0053B4BE /* LearnEnglishApp.app */ = {isa = PBXFileReference; explicitFileType = wrapper.application; includeInIndex = 0; path = LearnEnglishApp.app; sourceTree = BUILT_PRODUCTS_DIR; };
		39193AC02DCBDAFB0053B4BE /* LearnEnglishAppTests.xctest */ = {isa = PBXFileReference; explicitFileType = wrapper.cfbundle; includeInIndex = 0; path = LearnEnglishAppTests.xctest; sourceTree = BUILT_PRODUCTS_DIR; };
		39193ACA2DCBDAFB0053B4BE /* LearnEnglishAppUITests.xctest */ = {isa = PBXFileReference; explicitFileType = wrapper.cfbundle; includeInIndex = 0; path = LearnEnglishAppUITests.xctest; sourceTree = BUILT_PRODUCTS_DIR; };
		39ED16CC2DE33D5F00AD29F9 /* LearnEnglishApp.xcodeproj */ = {isa = PBXFileReference; lastKnownFileType = "wrapper.pb-project"; path = LearnEnglishApp.xcodeproj; sourceTree = SOURCE_ROOT; };
/* End PBXFileReference section */

/* Begin PBXFileSystemSynchronizedRootGroup section */
		39193AB22DCBDAFA0053B4BE /* LearnEnglishApp */ = {
			isa = PBXFileSystemSynchronizedRootGroup;
			path = LearnEnglishApp;
			sourceTree = "<group>";
		};
		39193AC32DCBDAFB0053B4BE /* LearnEnglishAppTests */ = {
			isa = PBXFileSystemSynchronizedRootGroup;
			path = LearnEnglishAppTests;
			sourceTree = "<group>";
		};
		39193ACD2DCBDAFB0053B4BE /* LearnEnglishAppUITests */ = {
			isa = PBXFileSystemSynchronizedRootGroup;
			path = LearnEnglishAppUITests;
			sourceTree = "<group>";
		};
/* End PBXFileSystemSynchronizedRootGroup section */

/* Begin PBXFrameworksBuildPhase section */
		39193AAD2DCBDAFA0053B4BE /* Frameworks */ = {
			isa = PBXFrameworksBuildPhase;
			buildActionMask = 2147483647;
			files = (
			);
			runOnlyForDeploymentPostprocessing = 0;
		};
		39193ABD2DCBDAFB0053B4BE /* Frameworks */ = {
			isa = PBXFrameworksBuildPhase;
			buildActionMask = 2147483647;
			files = (
			);
			runOnlyForDeploymentPostprocessing = 0;
		};
		39193AC72DCBDAFB0053B4BE /* Frameworks */ = {
			isa = PBXFrameworksBuildPhase;
			buildActionMask = 2147483647;
			files = (
			);
			runOnlyForDeploymentPostprocessing = 0;
		};
/* End PBXFrameworksBuildPhase section */

/* Begin PBXGroup section */
		39193AA72DCBDAFA0053B4BE = {
			isa = PBXGroup;
			children = (
				39ED16CC2DE33D5F00AD29F9 /* LearnEnglishApp.xcodeproj */,
				39193AB22DCBDAFA0053B4BE /* LearnEnglishApp */,
				39193AC32DCBDAFB0053B4BE /* LearnEnglishAppTests */,
				39193ACD2DCBDAFB0053B4BE /* LearnEnglishAppUITests */,
				39193AB12DCBDAFA0053B4BE /* Products */,
			);
			sourceTree = "<group>";
		};
		39193AB12DCBDAFA0053B4BE /* Products */ = {
			isa = PBXGroup;
			children = (
				39193AB02DCBDAFA0053B4BE /* LearnEnglishApp.app */,
				39193AC02DCBDAFB0053B4BE /* LearnEnglishAppTests.xctest */,
				39193ACA2DCBDAFB0053B4BE /* LearnEnglishAppUITests.xctest */,
			);
			name = Products;
			sourceTree = "<group>";
		};
		39B035192FCCA41600D2F223 /* Products */ = {
			isa = PBXGroup;
			name = Products;
			sourceTree = "<group>";
		};
/* End PBXGroup section */

/* Begin PBXNativeTarget section */
		39193AAF2DCBDAFA0053B4BE /* LearnEnglishApp */ = {
			isa = PBXNativeTarget;
			buildConfigurationList = 39193AD42DCBDAFB0053B4BE /* Build configuration list for PBXNativeTarget "LearnEnglishApp" */;
			buildPhases = (
				39193AAC2DCBDAFA0053B4BE /* Sources */,
				39193AAD2DCBDAFA0053B4BE /* Frameworks */,
				39193AAE2DCBDAFA0053B4BE /* Resources */,
			);
			buildRules = (
			);
			dependencies = (
			);
			fileSystemSynchronizedGroups = (
				39193AB22DCBDAFA0053B4BE /* LearnEnglishApp */,
			);
			name = LearnEnglishApp;
			packageProductDependencies = (
			);
			productName = learn_app;
			productReference = 39193AB02DCBDAFA0053B4BE /* LearnEnglishApp.app */;
			productType = "com.apple.product-type.application";
		};
		39193ABF2DCBDAFB0053B4BE /* LearnEnglishAppTests */ = {
			isa = PBXNativeTarget;
			buildConfigurationList = 39193AD72DCBDAFB0053B4BE /* Build configuration list for PBXNativeTarget "LearnEnglishAppTests" */;
			buildPhases = (
				39193ABC2DCBDAFB0053B4BE /* Sources */,
				39193ABD2DCBDAFB0053B4BE /* Frameworks */,
				39193ABE2DCBDAFB0053B4BE /* Resources */,
			);
			buildRules = (
			);
			dependencies = (
				39193AC22DCBDAFB0053B4BE /* PBXTargetDependency */,
			);
			fileSystemSynchronizedGroups = (
				39193AC32DCBDAFB0053B4BE /* LearnEnglishAppTests */,
			);
			name = LearnEnglishAppTests;
			packageProductDependencies = (
			);
			productName = learn_appTests;
			productReference = 39193AC02DCBDAFB0053B4BE /* LearnEnglishAppTests.xctest */;
			productType = "com.apple.product-type.bundle.unit-test";
		};
		39193AC92DCBDAFB0053B4BE /* LearnEnglishAppUITests */ = {
			isa = PBXNativeTarget;
			buildConfigurationList = 39193ADA2DCBDAFB0053B4BE /* Build configuration list for PBXNativeTarget "LearnEnglishAppUITests" */;
			buildPhases = (
				39193AC62DCBDAFB0053B4BE /* Sources */,
				39193AC72DCBDAFB0053B4BE /* Frameworks */,
				39193AC82DCBDAFB0053B4BE /* Resources */,
			);
			buildRules = (
			);
			dependencies = (
				39193ACC2DCBDAFB0053B4BE /* PBXTargetDependency */,
			);
			fileSystemSynchronizedGroups = (
				39193ACD2DCBDAFB0053B4BE /* LearnEnglishAppUITests */,
			);
			name = LearnEnglishAppUITests;
			packageProductDependencies = (
			);
			productName = learn_appUITests;
			productReference = 39193ACA2DCBDAFB0053B4BE /* LearnEnglishAppUITests.xctest */;
			productType = "com.apple.product-type.bundle.ui-testing";
		};
/* End PBXNativeTarget section */

/* Begin PBXProject section */
		39193AA82DCBDAFA0053B4BE /* Project object */ = {
			isa = PBXProject;
			attributes = {
				BuildIndependentTargetsInParallel = 1;
				LastSwiftUpdateCheck = 1600;
				LastUpgradeCheck = 1600;
				TargetAttributes = {
					39193AAF2DCBDAFA0053B4BE = {
						CreatedOnToolsVersion = 16.0;
					};
					39193ABF2DCBDAFB0053B4BE = {
						CreatedOnToolsVersion = 16.0;
						TestTargetID = 39193AAF2DCBDAFA0053B4BE;
					};
					39193AC92DCBDAFB0053B4BE = {
						CreatedOnToolsVersion = 16.0;
						TestTargetID = 39193AAF2DCBDAFA0053B4BE;
					};
				};
			};
			buildConfigurationList = 39193AAB2DCBDAFA0053B4BE /* Build configuration list for PBXProject "LearnEnglishApp" */;
			developmentRegion = en;
			hasScannedForEncodings = 0;
			knownRegions = (
				en,
				Base,
			);
			mainGroup = 39193AA72DCBDAFA0053B4BE;
			minimizedProjectReferenceProxies = 1;
			preferredProjectObjectVersion = 77;
			productRefGroup = 39193AB12DCBDAFA0053B4BE /* Products */;
			projectDirPath = "";
			projectReferences = (
				{
					ProductGroup = 39B035192FCCA41600D2F223 /* Products */;
					ProjectRef = 39ED16CC2DE33D5F00AD29F9 /* LearnEnglishApp.xcodeproj */;
				},
			);
			projectRoot = "";
			targets = (
				39193AAF2DCBDAFA0053B4BE /* LearnEnglishApp */,
				39193ABF2DCBDAFB0053B4BE /* LearnEnglishAppTests */,
				39193AC92DCBDAFB0053B4BE /* LearnEnglishAppUITests */,
			);
		};
/* End PBXProject section */

/* Begin PBXResourcesBuildPhase section */
		39193AAE2DCBDAFA0053B4BE /* Resources */ = {
			isa = PBXResourcesBuildPhase;
			buildActionMask = 2147483647;
			files = (
			);
			runOnlyForDeploymentPostprocessing = 0;
		};
		39193ABE2DCBDAFB0053B4BE /* Resources */ = {
			isa = PBXResourcesBuildPhase;
			buildActionMask = 2147483647;
			files = (
			);
			runOnlyForDeploymentPostprocessing = 0;
		};
		39193AC82DCBDAFB0053B4BE /* Resources */ = {
			isa = PBXResourcesBuildPhase;
			buildActionMask = 2147483647;
			files = (
			);
			runOnlyForDeploymentPostprocessing = 0;
		};
/* End PBXResourcesBuildPhase section */

/* Begin PBXSourcesBuildPhase section */
		39193AAC2DCBDAFA0053B4BE /* Sources */ = {
			isa = PBXSourcesBuildPhase;
			buildActionMask = 2147483647;
			files = (
			);
			runOnlyForDeploymentPostprocessing = 0;
		};
		39193ABC2DCBDAFB0053B4BE /* Sources */ = {
			isa = PBXSourcesBuildPhase;
			buildActionMask = 2147483647;
			files = (
			);
			runOnlyForDeploymentPostprocessing = 0;
		};
		39193AC62DCBDAFB0053B4BE /* Sources */ = {
			isa = PBXSourcesBuildPhase;
			buildActionMask = 2147483647;
			files = (
			);
			runOnlyForDeploymentPostprocessing = 0;
		};
/* End PBXSourcesBuildPhase section */

/* Begin PBXTargetDependency section */
		39193AC22DCBDAFB0053B4BE /* PBXTargetDependency */ = {
			isa = PBXTargetDependency;
			target = 39193AAF2DCBDAFA0053B4BE /* LearnEnglishApp */;
			targetProxy = 39193AC12DCBDAFB0053B4BE /* PBXContainerItemProxy */;
		};
		39193ACC2DCBDAFB0053B4BE /* PBXTargetDependency */ = {
			isa = PBXTargetDependency;
			target = 39193AAF2DCBDAFA0053B4BE /* LearnEnglishApp */;
			targetProxy = 39193ACB2DCBDAFB0053B4BE /* PBXContainerItemProxy */;
		};
/* End PBXTargetDependency section */

/* Begin XCBuildConfiguration section */
		39193AD22DCBDAFB0053B4BE /* Debug */ = {
			isa = XCBuildConfiguration;
			buildSettings = {
				ALWAYS_SEARCH_USER_PATHS = NO;
				ASSETCATALOG_COMPILER_GENERATE_SWIFT_ASSET_SYMBOL_EXTENSIONS = YES;
				CLANG_ANALYZER_NONNULL = YES;
				CLANG_ANALYZER_NUMBER_OBJECT_CONVERSION = YES_AGGRESSIVE;
				CLANG_CXX_LANGUAGE_STANDARD = "gnu++20";
				CLANG_ENABLE_MODULES = YES;
				CLANG_ENABLE_OBJC_ARC = YES;
				CLANG_ENABLE_OBJC_WEAK = YES;
				CLANG_WARN_BLOCK_CAPTURE_AUTORELEASING = YES;
				CLANG_WARN_BOOL_CONVERSION = YES;
				CLANG_WARN_COMMA = YES;
				CLANG_WARN_CONSTANT_CONVERSION = YES;
				CLANG_WARN_DEPRECATED_OBJC_IMPLEMENTATIONS = YES;
				CLANG_WARN_DIRECT_OBJC_ISA_USAGE = YES_ERROR;
				CLANG_WARN_DOCUMENTATION_COMMENTS = YES;
				CLANG_WARN_EMPTY_BODY = YES;
				CLANG_WARN_ENUM_CONVERSION = YES;
				CLANG_WARN_INFINITE_RECURSION = YES;
				CLANG_WARN_INT_CONVERSION = YES;
				CLANG_WARN_NON_LITERAL_NULL_CONVERSION = YES;
				CLANG_WARN_OBJC_IMPLICIT_RETAIN_SELF = YES;
				CLANG_WARN_OBJC_LITERAL_CONVERSION = YES;
				CLANG_WARN_OBJC_ROOT_CLASS = YES_ERROR;
				CLANG_WARN_QUOTED_INCLUDE_IN_FRAMEWORK_HEADER = YES;
				CLANG_WARN_RANGE_LOOP_ANALYSIS = YES;
				CLANG_WARN_STRICT_PROTOTYPES = YES;
				CLANG_WARN_SUSPICIOUS_MOVE = YES;
				CLANG_WARN_UNGUARDED_AVAILABILITY = YES_AGGRESSIVE;
				CLANG_WARN_UNREACHABLE_CODE = YES;
				CLANG_WARN__DUPLICATE_METHOD_MATCH = YES;
				COPY_PHASE_STRIP = NO;
				DEBUG_INFORMATION_FORMAT = dwarf;
				ENABLE_STRICT_OBJC_MSGSEND = YES;
				ENABLE_TESTABILITY = YES;
				ENABLE_USER_SCRIPT_SANDBOXING = YES;
				GCC_C_LANGUAGE_STANDARD = gnu17;
				GCC_DYNAMIC_NO_PIC = NO;
				GCC_NO_COMMON_BLOCKS = YES;
				GCC_OPTIMIZATION_LEVEL = 0;
				GCC_PREPROCESSOR_DEFINITIONS = (
					"DEBUG=1",
					"$(inherited)",
				);
				GCC_WARN_64_TO_32_BIT_CONVERSION = YES;
				GCC_WARN_ABOUT_RETURN_TYPE = YES_ERROR;
				GCC_WARN_UNDECLARED_SELECTOR = YES;
				GCC_WARN_UNINITIALIZED_AUTOS = YES_AGGRESSIVE;
				GCC_WARN_UNUSED_FUNCTION = YES;
				GCC_WARN_UNUSED_VARIABLE = YES;
				IPHONEOS_DEPLOYMENT_TARGET = 18.0;
				LOCALIZATION_PREFERS_STRING_CATALOGS = YES;
				MTL_ENABLE_DEBUG_INFO = INCLUDE_SOURCE;
				MTL_FAST_MATH = YES;
				ONLY_ACTIVE_ARCH = YES;
				SDKROOT = iphoneos;
				SWIFT_ACTIVE_COMPILATION_CONDITIONS = "DEBUG $(inherited)";
				SWIFT_OPTIMIZATION_LEVEL = "-Onone";
			};
			name = Debug;
		};
		39193AD32DCBDAFB0053B4BE /* Release */ = {
			isa = XCBuildConfiguration;
			buildSettings = {
				ALWAYS_SEARCH_USER_PATHS = NO;
				ASSETCATALOG_COMPILER_GENERATE_SWIFT_ASSET_SYMBOL_EXTENSIONS = YES;
				CLANG_ANALYZER_NONNULL = YES;
				CLANG_ANALYZER_NUMBER_OBJECT_CONVERSION = YES_AGGRESSIVE;
				CLANG_CXX_LANGUAGE_STANDARD = "gnu++20";
				CLANG_ENABLE_MODULES = YES;
				CLANG_ENABLE_OBJC_ARC = YES;
				CLANG_ENABLE_OBJC_WEAK = YES;
				CLANG_WARN_BLOCK_CAPTURE_AUTORELEASING = YES;
				CLANG_WARN_BOOL_CONVERSION = YES;
				CLANG_WARN_COMMA = YES;
				CLANG_WARN_CONSTANT_CONVERSION = YES;
				CLANG_WARN_DEPRECATED_OBJC_IMPLEMENTATIONS = YES;
				CLANG_WARN_DIRECT_OBJC_ISA_USAGE = YES_ERROR;
				CLANG_WARN_DOCUMENTATION_COMMENTS = YES;
				CLANG_WARN_EMPTY_BODY = YES;
				CLANG_WARN_ENUM_CONVERSION = YES;
				CLANG_WARN_INFINITE_RECURSION = YES;
				CLANG_WARN_INT_CONVERSION = YES;
				CLANG_WARN_NON_LITERAL_NULL_CONVERSION = YES;
				CLANG_WARN_OBJC_IMPLICIT_RETAIN_SELF = YES;
				CLANG_WARN_OBJC_LITERAL_CONVERSION = YES;
				CLANG_WARN_OBJC_ROOT_CLASS = YES_ERROR;
				CLANG_WARN_QUOTED_INCLUDE_IN_FRAMEWORK_HEADER = YES;
				CLANG_WARN_RANGE_LOOP_ANALYSIS = YES;
				CLANG_WARN_STRICT_PROTOTYPES = YES;
				CLANG_WARN_SUSPICIOUS_MOVE = YES;
				CLANG_WARN_UNGUARDED_AVAILABILITY = YES_AGGRESSIVE;
				CLANG_WARN_UNREACHABLE_CODE = YES;
				CLANG_WARN__DUPLICATE_METHOD_MATCH = YES;
				COPY_PHASE_STRIP = NO;
				DEBUG_INFORMATION_FORMAT = "dwarf-with-dsym";
				ENABLE_NS_ASSERTIONS = NO;
				ENABLE_STRICT_OBJC_MSGSEND = YES;
				ENABLE_USER_SCRIPT_SANDBOXING = YES;
				GCC_C_LANGUAGE_STANDARD = gnu17;
				GCC_NO_COMMON_BLOCKS = YES;
				GCC_WARN_64_TO_32_BIT_CONVERSION = YES;
				GCC_WARN_ABOUT_RETURN_TYPE = YES_ERROR;
				GCC_WARN_UNDECLARED_SELECTOR = YES;
				GCC_WARN_UNINITIALIZED_AUTOS = YES_AGGRESSIVE;
				GCC_WARN_UNUSED_FUNCTION = YES;
				GCC_WARN_UNUSED_VARIABLE = YES;
				IPHONEOS_DEPLOYMENT_TARGET = 18.0;
				LOCALIZATION_PREFERS_STRING_CATALOGS = YES;
				MTL_ENABLE_DEBUG_INFO = NO;
				MTL_FAST_MATH = YES;
				SDKROOT = iphoneos;
				SWIFT_COMPILATION_MODE = wholemodule;
				VALIDATE_PRODUCT = YES;
			};
			name = Release;
		};
		39193AD52DCBDAFB0053B4BE /* Debug */ = {
			isa = XCBuildConfiguration;
			buildSettings = {
				ASSETCATALOG_COMPILER_APPICON_NAME = AppIcon;
				ASSETCATALOG_COMPILER_GLOBAL_ACCENT_COLOR_NAME = AccentColor;
				CODE_SIGN_STYLE = Automatic;
				CURRENT_PROJECT_VERSION = 1;
				DEVELOPMENT_ASSET_PATHS = "";
				ENABLE_PREVIEWS = YES;
				GENERATE_INFOPLIST_FILE = YES;
				INFOPLIST_KEY_UIApplicationSceneManifest_Generation = YES;
				INFOPLIST_KEY_UIApplicationSupportsIndirectInputEvents = YES;
				INFOPLIST_KEY_UILaunchScreen_Generation = YES;
				INFOPLIST_KEY_UISupportedInterfaceOrientations_iPad = "UIInterfaceOrientationPortrait UIInterfaceOrientationPortraitUpsideDown UIInterfaceOrientationLandscapeLeft UIInterfaceOrientationLandscapeRight";
				INFOPLIST_KEY_UISupportedInterfaceOrientations_iPhone = "UIInterfaceOrientationPortrait UIInterfaceOrientationLandscapeLeft UIInterfaceOrientationLandscapeRight";
				LD_RUNPATH_SEARCH_PATHS = (
					"$(inherited)",
					"@executable_path/Frameworks",
				);
				MARKETING_VERSION = 1.0;
				PRODUCT_BUNDLE_IDENTIFIER = "m.learn-app";
				PRODUCT_NAME = "$(TARGET_NAME)";
				SWIFT_EMIT_LOC_STRINGS = YES;
				SWIFT_VERSION = 5.0;
				TARGETED_DEVICE_FAMILY = "1,2";
			};
			name = Debug;
		};
		39193AD62DCBDAFB0053B4BE /* Release */ = {
			isa = XCBuildConfiguration;
			buildSettings = {
				ASSETCATALOG_COMPILER_APPICON_NAME = AppIcon;
				ASSETCATALOG_COMPILER_GLOBAL_ACCENT_COLOR_NAME = AccentColor;
				CODE_SIGN_STYLE = Automatic;
				CURRENT_PROJECT_VERSION = 1;
				DEVELOPMENT_ASSET_PATHS = "";
				ENABLE_PREVIEWS = YES;
				GENERATE_INFOPLIST_FILE = YES;
				INFOPLIST_KEY_UIApplicationSceneManifest_Generation = YES;
				INFOPLIST_KEY_UIApplicationSupportsIndirectInputEvents = YES;
				INFOPLIST_KEY_UILaunchScreen_Generation = YES;
				INFOPLIST_KEY_UISupportedInterfaceOrientations_iPad = "UIInterfaceOrientationPortrait UIInterfaceOrientationPortraitUpsideDown UIInterfaceOrientationLandscapeLeft UIInterfaceOrientationLandscapeRight";
				INFOPLIST_KEY_UISupportedInterfaceOrientations_iPhone = "UIInterfaceOrientationPortrait UIInterfaceOrientationLandscapeLeft UIInterfaceOrientationLandscapeRight";
				LD_RUNPATH_SEARCH_PATHS = (
					"$(inherited)",
					"@executable_path/Frameworks",
				);
				MARKETING_VERSION = 1.0;
				PRODUCT_BUNDLE_IDENTIFIER = "m.learn-app";
				PRODUCT_NAME = "$(TARGET_NAME)";
				SWIFT_EMIT_LOC_STRINGS = YES;
				SWIFT_VERSION = 5.0;
				TARGETED_DEVICE_FAMILY = "1,2";
			};
			name = Release;
		};
		39193AD82DCBDAFB0053B4BE /* Debug */ = {
			isa = XCBuildConfiguration;
			buildSettings = {
				BUNDLE_LOADER = "$(TEST_HOST)";
				CODE_SIGN_STYLE = Automatic;
				CURRENT_PROJECT_VERSION = 1;
				GENERATE_INFOPLIST_FILE = YES;
				IPHONEOS_DEPLOYMENT_TARGET = 18.0;
				MARKETING_VERSION = 1.0;
				PRODUCT_BUNDLE_IDENTIFIER = "m.learn-appTests";
				PRODUCT_NAME = "$(TARGET_NAME)";
				SWIFT_EMIT_LOC_STRINGS = NO;
				SWIFT_VERSION = 5.0;
				TARGETED_DEVICE_FAMILY = "1,2";
				TEST_HOST = "$(BUILT_PRODUCTS_DIR)/LearnEnglishApp.app/$(BUNDLE_EXECUTABLE_FOLDER_PATH)/LearnEnglishApp";
			};
			name = Debug;
		};
		39193AD92DCBDAFB0053B4BE /* Release */ = {
			isa = XCBuildConfiguration;
			buildSettings = {
				BUNDLE_LOADER = "$(TEST_HOST)";
				CODE_SIGN_STYLE = Automatic;
				CURRENT_PROJECT_VERSION = 1;
				GENERATE_INFOPLIST_FILE = YES;
				IPHONEOS_DEPLOYMENT_TARGET = 18.0;
				MARKETING_VERSION = 1.0;
				PRODUCT_BUNDLE_IDENTIFIER = "m.learn-appTests";
				PRODUCT_NAME = "$(TARGET_NAME)";
				SWIFT_EMIT_LOC_STRINGS = NO;
				SWIFT_VERSION = 5.0;
				TARGETED_DEVICE_FAMILY = "1,2";
				TEST_HOST = "$(BUILT_PRODUCTS_DIR)/LearnEnglishApp.app/$(BUNDLE_EXECUTABLE_FOLDER_PATH)/LearnEnglishApp";
			};
			name = Release;
		};
		39193ADB2DCBDAFB0053B4BE /* Debug */ = {
			isa = XCBuildConfiguration;
			buildSettings = {
				CODE_SIGN_STYLE = Automatic;
				CURRENT_PROJECT_VERSION = 1;
				GENERATE_INFOPLIST_FILE = YES;
				MARKETING_VERSION = 1.0;
				PRODUCT_BUNDLE_IDENTIFIER = "m.learn-appUITests";
				PRODUCT_NAME = "$(TARGET_NAME)";
				SWIFT_EMIT_LOC_STRINGS = NO;
				SWIFT_VERSION = 5.0;
				TARGETED_DEVICE_FAMILY = "1,2";
				TEST_TARGET_NAME = learn_app;
			};
			name = Debug;
		};
		39193ADC2DCBDAFB0053B4BE /* Release */ = {
			isa = XCBuildConfiguration;
			buildSettings = {
				CODE_SIGN_STYLE = Automatic;
				CURRENT_PROJECT_VERSION = 1;
				GENERATE_INFOPLIST_FILE = YES;
				MARKETING_VERSION = 1.0;
				PRODUCT_BUNDLE_IDENTIFIER = "m.learn-appUITests";
				PRODUCT_NAME = "$(TARGET_NAME)";
				SWIFT_EMIT_LOC_STRINGS = NO;
				SWIFT_VERSION = 5.0;
				TARGETED_DEVICE_FAMILY = "1,2";
				TEST_TARGET_NAME = learn_app;
			};
			name = Release;
		};
/* End XCBuildConfiguration section */

/* Begin XCConfigurationList section */
		39193AAB2DCBDAFA0053B4BE /* Build configuration list for PBXProject "LearnEnglishApp" */ = {
			isa = XCConfigurationList;
			buildConfigurations = (
				39193AD22DCBDAFB0053B4BE /* Debug */,
				39193AD32DCBDAFB0053B4BE /* Release */,
			);
			defaultConfigurationIsVisible = 0;
			defaultConfigurationName = Release;
		};
		39193AD42DCBDAFB0053B4BE /* Build configuration list for PBXNativeTarget "LearnEnglishApp" */ = {
			isa = XCConfigurationList;
			buildConfigurations = (
				39193AD52DCBDAFB0053B4BE /* Debug */,
				39193AD62DCBDAFB0053B4BE /* Release */,
			);
			defaultConfigurationIsVisible = 0;
			defaultConfigurationName = Release;
		};
		39193AD72DCBDAFB0053B4BE /* Build configuration list for PBXNativeTarget "LearnEnglishAppTests" */ = {
			isa = XCConfigurationList;
			buildConfigurations = (
				39193AD82DCBDAFB0053B4BE /* Debug */,
				39193AD92DCBDAFB0053B4BE /* Release */,
			);
			defaultConfigurationIsVisible = 0;
			defaultConfigurationName = Release;
		};
		39193ADA2DCBDAFB0053B4BE /* Build configuration list for PBXNativeTarget "LearnEnglishAppUITests" */ = {
			isa = XCConfigurationList;
			buildConfigurations = (
				39193ADB2DCBDAFB0053B4BE /* Debug */,
				39193ADC2DCBDAFB0053B4BE /* Release */,
			);
			defaultConfigurationIsVisible = 0;
			defaultConfigurationName = Release;
		};
/* End XCConfigurationList section */
	};
	rootObject = 39193AA82DCBDAFA0053B4BE /* Project object */;
}
